PODS:
  - Capacitor (7.6.9):
    - CapacitorCordova
  - CapacitorApp (7.1.2):
    - Capacitor
  - CapacitorCamera (7.0.5):
    - Capacitor
  - CapacitorCordova (7.6.9)
  - CapacitorSplashScreen (7.0.5):
    - Capacitor
  - CapacitorStatusBar (7.0.6):
    - Capacitor

DEPENDENCIES:
  - "Capacitor (from `../../node_modules/@capacitor/ios`)"
  - "CapacitorApp (from `../../node_modules/@capacitor/app`)"
  - "CapacitorCamera (from `../../node_modules/@capacitor/camera`)"
  - "CapacitorCordova (from `../../node_modules/@capacitor/ios`)"
  - "CapacitorSplashScreen (from `../../node_modules/@capacitor/splash-screen`)"
  - "CapacitorStatusBar (from `../../node_modules/@capacitor/status-bar`)"

EXTERNAL SOURCES:
  Capacitor:
    :path: "../../node_modules/@capacitor/ios"
  CapacitorApp:
    :path: "../../node_modules/@capacitor/app"
  CapacitorCamera:
    :path: "../../node_modules/@capacitor/camera"
  CapacitorCordova:
    :path: "../../node_modules/@capacitor/ios"
  CapacitorSplashScreen:
    :path: "../../node_modules/@capacitor/splash-screen"
  CapacitorStatusBar:
    :path: "../../node_modules/@capacitor/status-bar"

SPEC CHECKSUMS:
  Capacitor: 1194c38ae1cc820671aefd94c59ebcbca2f33b26
  CapacitorApp: 6b89831465d6bc99bc89779b1b7f5327e33011ce
  CapacitorCamera: fdbf24f93bc44ca13c4209866368a1972349d3d2
  CapacitorCordova: 2080fc0d6bfbc9dcc0e6d88e77fa624190d343ca
  CapacitorSplashScreen: b3d12b4324d93ce605fe57f05a199ade7f26189e
  CapacitorStatusBar: a3acb591ff56301e28aa1a01791ba74a8e1faabb

PODFILE CHECKSUM: b5323e49efb9fd8efc275826cc14bf976ed8d9a7

COCOAPODS: 1.17.0
